<?xml version="1.0" encoding="utf-8"?>
<Project ToolsVersion="4.0" xmlns="http://schemas.microsoft.com/developer/msbuild/2003">
  <ItemGroup>
    <Filter Include="Source Files">
      <UniqueIdentifier>{4FC737F1-C7A5-4376-A066-2A32D752A2FF}</UniqueIdentifier>
      <Extensions>cpp;c;cc;cxx;c++;cppm;ixx;def;odl;idl;hpj;bat;asm;asmx</Extensions>
    </Filter>
    <Filter Include="Header Files">
      <UniqueIdentifier>{93995380-89BD-4b04-88EB-625FBE52EBFB}</UniqueIdentifier>
      <Extensions>h;hh;hpp;hxx;h++;hm;inl;inc;ipp;xsd</Extensions>
    </Filter>
    <Filter Include="Resource Files">
      <UniqueIdentifier>{67DA6AB6-F800-4c08-8B7A-83BB121AAD01}</UniqueIdentifier>
      <Extensions>rc;ico;cur;bmp;dlg;rc2;rct;bin;rgs;gif;jpg;jpeg;jpe;resx;tiff;tif;png;wav;mfcribbon-ms</Extensions>
    </Filter>
    <Filter Include="Shaders">
      <UniqueIdentifier>{e48c1291-5226-4448-a0b3-4a65f5a4753e}</UniqueIdentifier>
    </Filter>
  </ItemGroup>
  <ItemGroup>
    <ClCompile Include="glad.c">
      <Filter>Source Files</Filter>
    </ClCompile>
    <ClCompile Include="main.cpp">
      <Filter>Source Files</Filter>
    </ClCompile>
    <ClCompile Include="Shader.cpp">
      <Filter>Source Files</Filter>
    </ClCompile>
    <ClCompile Include="Camera.cpp">
      <Filter>Source Files</Filter>
    </ClCompile>
    <ClCompile Include="Mesh.cpp">
      <Filter>Source Files</Filter>
    </ClCompile>
    <ClCompile Include="Model.cpp">
      <Filter>Source Files</Filter>
    </ClCompile>
    <ClCompile Include="stb_image.cpp">
      <Filter>Source Files</Filter>
    </ClCompile>
    <ClCompile Include="Utility.cpp">
      <Filter>Source Files</Filter>
    </ClCompile>
  </ItemGroup>
  <ItemGroup>
    <ClInclude Include="Shader.h">
      <Filter>Header Files</Filter>
    </ClInclude>
    <ClInclude Include="stb_image.h">
      <Filter>Header Files</Filter>
    </ClInclude>
    <ClInclude Include="Camera.h">
      <Filter>Header Files</Filter>
    </ClInclude>
    <ClInclude Include="Mesh.h">
      <Filter>Header Files</Filter>
    </ClInclude>
    <ClInclude Include="Model.h">
      <Filter>Header Files</Filter>
    </ClInclude>
    <ClInclude Include="Utility.h">
      <Filter>Header Files</Filter>
    </ClInclude>
  </ItemGroup>
  <ItemGroup>
    <None Include="Object.vert">
      <Filter>Shaders</Filter>
    </None>
    <None Include="Object.frag">
      <Filter>Shaders</Filter>
    </None>
    <None Include="Light.frag">
      <Filter>Shaders</Filter>
    </None>
    <None Include="Light.vert">
      <Filter>Shaders</Filter>
    </None>
    <None Include="backpack.frag">
      <Filter>Shaders</Filter>
    </None>
    <None Include="OutlineObject.frag">
      <Filter>Shaders</Filter>
    </None>
    <None Include="Floor.frag">
      <Filter>Shaders</Filter>
    </None>
    <None Include="Window.frag">
      <Filter>Shaders</Filter>
    </None>
    <None Include="FrameBufferQuad.vert">
      <Filter>Shaders</Filter>
    </None>
    <None Include="FrameBufferQuad.frag">
      <Filter>Shaders</Filter>
    </None>
    <None Include="CubeMap.frag">
      <Filter>Shaders</Filter>
    </None>
    <None Include="CubeMap.vert">
      <Filter>Shaders</Filter>
    </None>
    <None Include="RedCube.vert">
      <Filter>Shaders</Filter>
    </None>
    <None Include="RedCube.frag">
      <Filter>Shaders</Filter>
    </None>
    <None Include="GreenCube.frag">
      <Filter>Shaders</Filter>
    </None>
    <None Include="BlueCube.frag">
      <Filter>Shaders</Filter>
    </None>
    <None Include="YellowCube.frag">
      <Filter>Shaders</Filter>
    </None>
    <None Include="Test.geom">
      <Filter>Shaders</Filter>
    </None>
    <None Include="House.vert">
      <Filter>Shaders</Filter>
    </None>
    <None Include="House.frag">
      <Filter>Shaders</Filter>
    </None>
    <None Include="House.geom">
      <Filter>Shaders</Filter>
    </None>
    <None Include="Explode.geom">
      <Filter>Shaders</Filter>
    </None>
    <None Include="Explode.vert">
      <Filter>Shaders</Filter>
    </None>
    <None Include="Explode.frag">
      <Filter>Shaders</Filter>
    </None>
    <None Include="DisplayNormal.vert">
      <Filter>Shaders</Filter>
    </None>
    <None Include="DisplayNormal.geom">
      <Filter>Shaders</Filter>
    </None>
    <None Include="DisplayNormal.frag">
      <Filter>Shaders</Filter>
    </None>
    <None Include="ObjectNormal.vert">
      <Filter>Shaders</Filter>
    </None>
    <None Include="ObjectNormal.frag">
      <Filter>Shaders</Filter>
    </None>
    <None Include="QuadInstancing.frag">
      <Filter>Shaders</Filter>
    </None>
    <None Include="QuadInstancing.vert">
      <Filter>Shaders</Filter>
    </None>
    <None Include="Asteroid.vert">
      <Filter>Shaders</Filter>
    </None>
    <None Include="Asteroid.frag">
      <Filter>Shaders</Filter>
    </None>
  </ItemGroup>
</Project>